
Microsoft Visual Studio Solution File, Format Version 12.00
# Visual Studio Version 17
VisualStudioVersion = 17.5.002.0
MinimumVisualStudioVersion = 10.0.40219.1
Project("{9A19103F-16F7-4668-BE54-9A1E7A4F7556}") = "dotnet-docx-core-controller", "dotnet-docx-core-controller.csproj", "{4F84801F-2383-4A6D-952C-74B4503B5FEF}"
EndProject
Global
	GlobalSection(SolutionConfigurationPlatforms) = preSolution
		Debug|Any CPU = Debug|Any CPU
		Release|Any CPU = Release|Any CPU
	EndGlobalSection
	GlobalSection(ProjectConfigurationPlatforms) = postSolution
		{4F84801F-2383-4A6D-952C-74B4503B5FEF}.Debug|Any CPU.ActiveCfg = Debug|Any CPU
		{4F84801F-2383-4A6D-952C-74B4503B5FEF}.Debug|Any CPU.Build.0 = Debug|Any CPU
		{4F84801F-2383-4A6D-952C-74B4503B5FEF}.Release|Any CPU.ActiveCfg = Release|Any CPU
		{4F84801F-2383-4A6D-952C-74B4503B5FEF}.Release|Any CPU.Build.0 = Release|Any CPU
	EndGlobalSection
	GlobalSection(SolutionProperties) = preSolution
		HideSolutionNode = FALSE
	EndGlobalSection
	GlobalSection(ExtensibilityGlobals) = postSolution
		SolutionGuid = {74B3B810-BF55-4E91-A3B8-B8BCBCF29454}
	EndGlobalSection
EndGlobal
